// !$*UTF8*$!
{
	archiveVersion = 1;
	classes = {
	};
	objectVersion = 46;
	objects = {

/* Begin PBXBuildFile section */
		7722E14817B01B0700CFB817 /* article_info.cpp in Sources */ = {isa = PBXBuildFile; fileRef = 7722E14717B01B0700CFB817 /* article_info.cpp */; };
		7722E14A17B15C3600CFB817 /* distance.cpp in Sources */ = {isa = PBXBuildFile; fileRef = 7722E14917B15C3600CFB817 /* distance.cpp */; };
		A3BC9CE417B4E1FD0007AFD5 /* Settings.bundle in Resources */ = {isa = PBXBuildFile; fileRef = A3BC9CE317B4E1FD0007AFD5 /* Settings.bundle */; };
		A3E221F317AFB4C20018AB9E /* storage.cpp in Sources */ = {isa = PBXBuildFile; fileRef = A3E221F217AFB4C20018AB9E /* storage.cpp */; };
		A3E2220C17AFD5840018AB9E /* data in Resources */ = {isa = PBXBuildFile; fileRef = A3E2220B17AFD5840018AB9E /* data */; };
		A3E2220F17AFD9E10018AB9E /* assert.cpp in Sources */ = {isa = PBXBuildFile; fileRef = A3E2220E17AFD9E10018AB9E /* assert.cpp */; };
		A3E2221117AFDA0A0018AB9E /* source_address.cpp in Sources */ = {isa = PBXBuildFile; fileRef = A3E2221017AFDA0A0018AB9E /* source_address.cpp */; };
		ED4F8B9E17B2A52200ADD795 /* bg_header.png in Resources */ = {isa = PBXBuildFile; fileRef = ED4F8B9C17B2A52200ADD795 /* bg_header.png */; };
		ED4F8B9F17B2A52200ADD795 /* bg_header@2x.png in Resources */ = {isa = PBXBuildFile; fileRef = ED4F8B9D17B2A52200ADD795 /* bg_header@2x.png */; };
		ED4F8BA417B2C97300ADD795 /* ic_articleselection.png in Resources */ = {isa = PBXBuildFile; fileRef = ED4F8BA017B2C97300ADD795 /* ic_articleselection.png */; };
		ED4F8BA517B2C97300ADD795 /* ic_back.png in Resources */ = {isa = PBXBuildFile; fileRef = ED4F8BA117B2C97300ADD795 /* ic_back.png */; };
		ED4F8BA617B2C97300ADD795 /* ic_back@2x.png in Resources */ = {isa = PBXBuildFile; fileRef = ED4F8BA217B2C97300ADD795 /* ic_back@2x.png */; };
		ED4F8BA717B2C97300ADD795 /* ic_articleselection@2x.png in Resources */ = {isa = PBXBuildFile; fileRef = ED4F8BA317B2C97300ADD795 /* ic_articleselection@2x.png */; };
		ED4F8BAD17B2E67100ADD795 /* file_handle.cpp in Sources */ = {isa = PBXBuildFile; fileRef = ED4F8BAC17B2E67100ADD795 /* file_handle.cpp */; };
		ED4F8BAF17B2E69600ADD795 /* posix.cpp in Sources */ = {isa = PBXBuildFile; fileRef = ED4F8BAE17B2E69600ADD795 /* posix.cpp */; };
		ED4F8BB117B2E6B700ADD795 /* logging.cpp in Sources */ = {isa = PBXBuildFile; fileRef = ED4F8BB017B2E6B700ADD795 /* logging.cpp */; };
		ED64330F17B3F673000985FE /* GuideCell.m in Sources */ = {isa = PBXBuildFile; fileRef = ED64330E17B3F673000985FE /* GuideCell.m */; };
		ED64331117B41534000985FE /* CoreLocation.framework in Frameworks */ = {isa = PBXBuildFile; fileRef = ED64331017B41533000985FE /* CoreLocation.framework */; };
		ED64332417B4D14F000985FE /* bg_search.png in Resources */ = {isa = PBXBuildFile; fileRef = ED64332217B4D14F000985FE /* bg_search.png */; };
		ED64332517B4D14F000985FE /* bg_search@2x.png in Resources */ = {isa = PBXBuildFile; fileRef = ED64332317B4D14F000985FE /* bg_search@2x.png */; };
		ED64332817B4D6CB000985FE /* bg_landscape_header.png in Resources */ = {isa = PBXBuildFile; fileRef = ED64332617B4D6CA000985FE /* bg_landscape_header.png */; };
		ED64332917B4D6CB000985FE /* bg_landscape_header@2x.png in Resources */ = {isa = PBXBuildFile; fileRef = ED64332717B4D6CB000985FE /* bg_landscape_header@2x.png */; };
		ED81954717AED762004F3803 /* UIKit.framework in Frameworks */ = {isa = PBXBuildFile; fileRef = ED81954617AED762004F3803 /* UIKit.framework */; };
		ED81954917AED762004F3803 /* Foundation.framework in Frameworks */ = {isa = PBXBuildFile; fileRef = ED81954817AED762004F3803 /* Foundation.framework */; };
		ED81954B17AED762004F3803 /* CoreGraphics.framework in Frameworks */ = {isa = PBXBuildFile; fileRef = ED81954A17AED762004F3803 /* CoreGraphics.framework */; };
		ED81955117AED762004F3803 /* InfoPlist.strings in Resources */ = {isa = PBXBuildFile; fileRef = ED81954F17AED762004F3803 /* InfoPlist.strings */; };
		ED81955317AED762004F3803 /* main.m in Sources */ = {isa = PBXBuildFile; fileRef = ED81955217AED762004F3803 /* main.m */; };
		ED81955717AED762004F3803 /* AppDelegate.mm in Sources */ = {isa = PBXBuildFile; fileRef = ED81955617AED762004F3803 /* AppDelegate.mm */; };
		ED81956517AEE129004F3803 /* ArticleVC.mm in Sources */ = {isa = PBXBuildFile; fileRef = ED81956417AEE129004F3803 /* ArticleVC.mm */; };
		ED81956A17AEF6B6004F3803 /* GuideVC.mm in Sources */ = {isa = PBXBuildFile; fileRef = ED81956917AEF6B6004F3803 /* GuideVC.mm */; };
		ED81956E17B10578004F3803 /* strings.cpp in Sources */ = {isa = PBXBuildFile; fileRef = ED81956D17B10578004F3803 /* strings.cpp */; };
		ED81957117B10598004F3803 /* utf8proc.c in Sources */ = {isa = PBXBuildFile; fileRef = ED81957017B10598004F3803 /* utf8proc.c */; };
		ED81F52017BA2BFD00361D6D /* Default-Portrait~ipad.png in Resources */ = {isa = PBXBuildFile; fileRef = ED81F51F17BA2BFD00361D6D /* Default-Portrait~ipad.png */; };
		ED81F52217BA2C0000361D6D /* Default-Portrait@2x~ipad.png in Resources */ = {isa = PBXBuildFile; fileRef = ED81F52117BA2C0000361D6D /* Default-Portrait@2x~ipad.png */; };
		ED81F52417BA2C0500361D6D /* Default-Landscape~ipad.png in Resources */ = {isa = PBXBuildFile; fileRef = ED81F52317BA2C0400361D6D /* Default-Landscape~ipad.png */; };
		ED81F52617BA2C0800361D6D /* Default-Landscape@2x~ipad.png in Resources */ = {isa = PBXBuildFile; fileRef = ED81F52517BA2C0800361D6D /* Default-Landscape@2x~ipad.png */; };
		ED81F52817BA2C3A00361D6D /* Default.png in Resources */ = {isa = PBXBuildFile; fileRef = ED81F52717BA2C3900361D6D /* Default.png */; };
		ED81F52A17BA2C3C00361D6D /* Default@2x.png in Resources */ = {isa = PBXBuildFile; fileRef = ED81F52917BA2C3C00361D6D /* Default@2x.png */; };
		ED81F52C17BA2C3F00361D6D /* Default-568h@2x.png in Resources */ = {isa = PBXBuildFile; fileRef = ED81F52B17BA2C3F00361D6D /* Default-568h@2x.png */; };
		ED81F53E17BA669000361D6D /* 29.png in Resources */ = {isa = PBXBuildFile; fileRef = ED81F53617BA669000361D6D /* 29.png */; };
		ED81F53F17BA669000361D6D /* 50.png in Resources */ = {isa = PBXBuildFile; fileRef = ED81F53717BA669000361D6D /* 50.png */; };
		ED81F54017BA669000361D6D /* 57.png in Resources */ = {isa = PBXBuildFile; fileRef = ED81F53817BA669000361D6D /* 57.png */; };
		ED81F54117BA669000361D6D /* 58.png in Resources */ = {isa = PBXBuildFile; fileRef = ED81F53917BA669000361D6D /* 58.png */; };
		ED81F54217BA669000361D6D /* 72.png in Resources */ = {isa = PBXBuildFile; fileRef = ED81F53A17BA669000361D6D /* 72.png */; };
		ED81F54317BA669000361D6D /* 100.png in Resources */ = {isa = PBXBuildFile; fileRef = ED81F53B17BA669000361D6D /* 100.png */; };
		ED81F54417BA669000361D6D /* 114.png in Resources */ = {isa = PBXBuildFile; fileRef = ED81F53C17BA669000361D6D /* 114.png */; };
		ED81F54517BA669000361D6D /* 144.png in Resources */ = {isa = PBXBuildFile; fileRef = ED81F53D17BA669000361D6D /* 144.png */; };
		ED893F6917B223920074E05A /* MapsWithMeAPI.m in Sources */ = {isa = PBXBuildFile; fileRef = ED893F6817B223920074E05A /* MapsWithMeAPI.m */; };
		ED893F6C17B231F20074E05A /* IPadSplitVC.m in Sources */ = {isa = PBXBuildFile; fileRef = ED893F6B17B231F20074E05A /* IPadSplitVC.m */; };
		EDBD0D0217FDC3440007776B /* Default-Portrait-1024@2x~ipad.png in Resources */ = {isa = PBXBuildFile; fileRef = EDBD0CFE17FDC3440007776B /* Default-Portrait-1024@2x~ipad.png */; };
		EDBD0D0317FDC3440007776B /* Default-Landscape-1024@2x~ipad.png in Resources */ = {isa = PBXBuildFile; fileRef = EDBD0CFF17FDC3440007776B /* Default-Landscape-1024@2x~ipad.png */; };
		EDBD0D0417FDC3440007776B /* Default-Portrait-1024~ipad.png in Resources */ = {isa = PBXBuildFile; fileRef = EDBD0D0017FDC3440007776B /* Default-Portrait-1024~ipad.png */; };
		EDBD0D0517FDC3440007776B /* Default-Landscape-1024~ipad.png in Resources */ = {isa = PBXBuildFile; fileRef = EDBD0D0117FDC3440007776B /* Default-Landscape-1024~ipad.png */; };
		EDBD0D0717FDC4920007776B /* 40.png in Resources */ = {isa = PBXBuildFile; fileRef = EDBD0D0617FDC4920007776B /* 40.png */; };
		EDBD0D0B17FDC4A90007776B /* 76.png in Resources */ = {isa = PBXBuildFile; fileRef = EDBD0D0817FDC4A90007776B /* 76.png */; };
		EDBD0D0C17FDC4A90007776B /* 80.png in Resources */ = {isa = PBXBuildFile; fileRef = EDBD0D0917FDC4A90007776B /* 80.png */; };
		EDBD0D0D17FDC4A90007776B /* 120.png in Resources */ = {isa = PBXBuildFile; fileRef = EDBD0D0A17FDC4A90007776B /* 120.png */; };
		EDBD0D0F17FDC4D00007776B /* 152.png in Resources */ = {isa = PBXBuildFile; fileRef = EDBD0D0E17FDC4D00007776B /* 152.png */; };
/* End PBXBuildFile section */

/* Begin PBXFileReference section */
		7722E14717B01B0700CFB817 /* article_info.cpp */ = {isa = PBXFileReference; fileEncoding = 4; lastKnownFileType = sourcecode.cpp.cpp; name = article_info.cpp; path = ../../storage/article_info.cpp; sourceTree = "<group>"; };
		7722E14917B15C3600CFB817 /* distance.cpp */ = {isa = PBXFileReference; fileEncoding = 4; lastKnownFileType = sourcecode.cpp.cpp; name = distance.cpp; path = ../../storage/distance.cpp; sourceTree = "<group>"; };
		A3BC9CE317B4E1FD0007AFD5 /* Settings.bundle */ = {isa = PBXFileReference; lastKnownFileType = "wrapper.plug-in"; path = Settings.bundle; sourceTree = "<group>"; };
		A3E221F217AFB4C20018AB9E /* storage.cpp */ = {isa = PBXFileReference; fileEncoding = 4; lastKnownFileType = sourcecode.cpp.cpp; name = storage.cpp; path = ../../storage/storage.cpp; sourceTree = "<group>"; };
		A3E2220B17AFD5840018AB9E /* data */ = {isa = PBXFileReference; lastKnownFileType = folder; name = data; path = ../../data; sourceTree = "<group>"; };
		A3E2220E17AFD9E10018AB9E /* assert.cpp */ = {isa = PBXFileReference; fileEncoding = 4; lastKnownFileType = sourcecode.cpp.cpp; name = assert.cpp; path = ../../env/assert.cpp; sourceTree = "<group>"; };
		A3E2221017AFDA0A0018AB9E /* source_address.cpp */ = {isa = PBXFileReference; fileEncoding = 4; lastKnownFileType = sourcecode.cpp.cpp; name = source_address.cpp; path = ../../env/source_address.cpp; sourceTree = "<group>"; };
		ED4F8B9C17B2A52200ADD795 /* bg_header.png */ = {isa = PBXFileReference; lastKnownFileType = image.png; name = bg_header.png; path = offlineguides/bg_header.png; sourceTree = "<group>"; };
		ED4F8B9D17B2A52200ADD795 /* bg_header@2x.png */ = {isa = PBXFileReference; lastKnownFileType = image.png; name = "bg_header@2x.png"; path = "offlineguides/bg_header@2x.png"; sourceTree = "<group>"; };
		ED4F8BA017B2C97300ADD795 /* ic_articleselection.png */ = {isa = PBXFileReference; lastKnownFileType = image.png; name = ic_articleselection.png; path = offlineguides/ic_articleselection.png; sourceTree = "<group>"; };
		ED4F8BA117B2C97300ADD795 /* ic_back.png */ = {isa = PBXFileReference; lastKnownFileType = image.png; name = ic_back.png; path = offlineguides/ic_back.png; sourceTree = "<group>"; };
		ED4F8BA217B2C97300ADD795 /* ic_back@2x.png */ = {isa = PBXFileReference; lastKnownFileType = image.png; name = "ic_back@2x.png"; path = "offlineguides/ic_back@2x.png"; sourceTree = "<group>"; };
		ED4F8BA317B2C97300ADD795 /* ic_articleselection@2x.png */ = {isa = PBXFileReference; lastKnownFileType = image.png; name = "ic_articleselection@2x.png"; path = "offlineguides/ic_articleselection@2x.png"; sourceTree = "<group>"; };
		ED4F8BAC17B2E67100ADD795 /* file_handle.cpp */ = {isa = PBXFileReference; fileEncoding = 4; lastKnownFileType = sourcecode.cpp.cpp; name = file_handle.cpp; path = ../../env/file_handle.cpp; sourceTree = "<group>"; };
		ED4F8BAE17B2E69600ADD795 /* posix.cpp */ = {isa = PBXFileReference; fileEncoding = 4; lastKnownFileType = sourcecode.cpp.cpp; name = posix.cpp; path = ../../env/posix.cpp; sourceTree = "<group>"; };
		ED4F8BB017B2E6B700ADD795 /* logging.cpp */ = {isa = PBXFileReference; fileEncoding = 4; lastKnownFileType = sourcecode.cpp.cpp; name = logging.cpp; path = ../../env/logging.cpp; sourceTree = "<group>"; };
		ED64330D17B3F672000985FE /* GuideCell.h */ = {isa = PBXFileReference; fileEncoding = 4; lastKnownFileType = sourcecode.c.h; path = GuideCell.h; sourceTree = "<group>"; };
		ED64330E17B3F673000985FE /* GuideCell.m */ = {isa = PBXFileReference; fileEncoding = 4; lastKnownFileType = sourcecode.c.objc; path = GuideCell.m; sourceTree = "<group>"; };
		ED64331017B41533000985FE /* CoreLocation.framework */ = {isa = PBXFileReference; lastKnownFileType = wrapper.framework; name = CoreLocation.framework; path = System/Library/Frameworks/CoreLocation.framework; sourceTree = SDKROOT; };
		ED64332217B4D14F000985FE /* bg_search.png */ = {isa = PBXFileReference; lastKnownFileType = image.png; name = bg_search.png; path = offlineguides/bg_search.png; sourceTree = "<group>"; };
		ED64332317B4D14F000985FE /* bg_search@2x.png */ = {isa = PBXFileReference; lastKnownFileType = image.png; name = "bg_search@2x.png"; path = "offlineguides/bg_search@2x.png"; sourceTree = "<group>"; };
		ED64332617B4D6CA000985FE /* bg_landscape_header.png */ = {isa = PBXFileReference; lastKnownFileType = image.png; name = bg_landscape_header.png; path = offlineguides/bg_landscape_header.png; sourceTree = "<group>"; };
		ED64332717B4D6CB000985FE /* bg_landscape_header@2x.png */ = {isa = PBXFileReference; lastKnownFileType = image.png; name = "bg_landscape_header@2x.png"; path = "offlineguides/bg_landscape_header@2x.png"; sourceTree = "<group>"; };
		ED81954317AED762004F3803 /* GuideWithMe.app */ = {isa = PBXFileReference; explicitFileType = wrapper.application; includeInIndex = 0; path = GuideWithMe.app; sourceTree = BUILT_PRODUCTS_DIR; };
		ED81954617AED762004F3803 /* UIKit.framework */ = {isa = PBXFileReference; lastKnownFileType = wrapper.framework; name = UIKit.framework; path = System/Library/Frameworks/UIKit.framework; sourceTree = SDKROOT; };
		ED81954817AED762004F3803 /* Foundation.framework */ = {isa = PBXFileReference; lastKnownFileType = wrapper.framework; name = Foundation.framework; path = System/Library/Frameworks/Foundation.framework; sourceTree = SDKROOT; };
		ED81954A17AED762004F3803 /* CoreGraphics.framework */ = {isa = PBXFileReference; lastKnownFileType = wrapper.framework; name = CoreGraphics.framework; path = System/Library/Frameworks/CoreGraphics.framework; sourceTree = SDKROOT; };
		ED81954E17AED762004F3803 /* offlineguides-Info.plist */ = {isa = PBXFileReference; lastKnownFileType = text.plist.xml; path = "offlineguides-Info.plist"; sourceTree = "<group>"; };
		ED81955017AED762004F3803 /* en */ = {isa = PBXFileReference; lastKnownFileType = text.plist.strings; name = en; path = en.lproj/InfoPlist.strings; sourceTree = "<group>"; };
		ED81955217AED762004F3803 /* main.m */ = {isa = PBXFileReference; lastKnownFileType = sourcecode.c.objc; path = main.m; sourceTree = "<group>"; };
		ED81955417AED762004F3803 /* offlineguides-Prefix.pch */ = {isa = PBXFileReference; lastKnownFileType = sourcecode.c.h; path = "offlineguides-Prefix.pch"; sourceTree = "<group>"; };
		ED81955517AED762004F3803 /* AppDelegate.h */ = {isa = PBXFileReference; lastKnownFileType = sourcecode.c.h; path = AppDelegate.h; sourceTree = "<group>"; };
		ED81955617AED762004F3803 /* AppDelegate.mm */ = {isa = PBXFileReference; lastKnownFileType = sourcecode.cpp.objcpp; path = AppDelegate.mm; sourceTree = "<group>"; };
		ED81956317AEE129004F3803 /* ArticleVC.h */ = {isa = PBXFileReference; fileEncoding = 4; lastKnownFileType = sourcecode.c.h; path = ArticleVC.h; sourceTree = "<group>"; };
		ED81956417AEE129004F3803 /* ArticleVC.mm */ = {isa = PBXFileReference; fileEncoding = 4; lastKnownFileType = sourcecode.cpp.objcpp; path = ArticleVC.mm; sourceTree = "<group>"; };
		ED81956817AEF6B6004F3803 /* GuideVC.h */ = {isa = PBXFileReference; fileEncoding = 4; lastKnownFileType = sourcecode.c.h; path = GuideVC.h; sourceTree = "<group>"; };
		ED81956917AEF6B6004F3803 /* GuideVC.mm */ = {isa = PBXFileReference; fileEncoding = 4; lastKnownFileType = sourcecode.cpp.objcpp; path = GuideVC.mm; sourceTree = "<group>"; };
		ED81956D17B10578004F3803 /* strings.cpp */ = {isa = PBXFileReference; fileEncoding = 4; lastKnownFileType = sourcecode.cpp.cpp; name = strings.cpp; path = ../../env/strings.cpp; sourceTree = "<group>"; };
		ED81957017B10598004F3803 /* utf8proc.c */ = {isa = PBXFileReference; fileEncoding = 4; lastKnownFileType = sourcecode.c.c; name = utf8proc.c; path = ../../3rdparty/utf8proc/utf8proc.c; sourceTree = "<group>"; };
		ED81F51F17BA2BFD00361D6D /* Default-Portrait~ipad.png */ = {isa = PBXFileReference; lastKnownFileType = image.png; path = "Default-Portrait~ipad.png"; sourceTree = "<group>"; };
		ED81F52117BA2C0000361D6D /* Default-Portrait@2x~ipad.png */ = {isa = PBXFileReference; lastKnownFileType = image.png; path = "Default-Portrait@2x~ipad.png"; sourceTree = "<group>"; };
		ED81F52317BA2C0400361D6D /* Default-Landscape~ipad.png */ = {isa = PBXFileReference; lastKnownFileType = image.png; path = "Default-Landscape~ipad.png"; sourceTree = "<group>"; };
		ED81F52517BA2C0800361D6D /* Default-Landscape@2x~ipad.png */ = {isa = PBXFileReference; lastKnownFileType = image.png; path = "Default-Landscape@2x~ipad.png"; sourceTree = "<group>"; };
		ED81F52717BA2C3900361D6D /* Default.png */ = {isa = PBXFileReference; lastKnownFileType = image.png; path = Default.png; sourceTree = "<group>"; };
		ED81F52917BA2C3C00361D6D /* Default@2x.png */ = {isa = PBXFileReference; lastKnownFileType = image.png; path = "Default@2x.png"; sourceTree = "<group>"; };
		ED81F52B17BA2C3F00361D6D /* Default-568h@2x.png */ = {isa = PBXFileReference; lastKnownFileType = image.png; path = "Default-568h@2x.png"; sourceTree = "<group>"; };
		ED81F53617BA669000361D6D /* 29.png */ = {isa = PBXFileReference; lastKnownFileType = image.png; path = 29.png; sourceTree = "<group>"; };
		ED81F53717BA669000361D6D /* 50.png */ = {isa = PBXFileReference; lastKnownFileType = image.png; path = 50.png; sourceTree = "<group>"; };
		ED81F53817BA669000361D6D /* 57.png */ = {isa = PBXFileReference; lastKnownFileType = image.png; path = 57.png; sourceTree = "<group>"; };
		ED81F53917BA669000361D6D /* 58.png */ = {isa = PBXFileReference; lastKnownFileType = image.png; path = 58.png; sourceTree = "<group>"; };
		ED81F53A17BA669000361D6D /* 72.png */ = {isa = PBXFileReference; lastKnownFileType = image.png; path = 72.png; sourceTree = "<group>"; };
		ED81F53B17BA669000361D6D /* 100.png */ = {isa = PBXFileReference; lastKnownFileType = image.png; path = 100.png; sourceTree = "<group>"; };
		ED81F53C17BA669000361D6D /* 114.png */ = {isa = PBXFileReference; lastKnownFileType = image.png; path = 114.png; sourceTree = "<group>"; };
		ED81F53D17BA669000361D6D /* 144.png */ = {isa = PBXFileReference; lastKnownFileType = image.png; path = 144.png; sourceTree = "<group>"; };
		ED893F6717B223920074E05A /* MapsWithMeAPI.h */ = {isa = PBXFileReference; fileEncoding = 4; lastKnownFileType = sourcecode.c.h; path = MapsWithMeAPI.h; sourceTree = "<group>"; };
		ED893F6817B223920074E05A /* MapsWithMeAPI.m */ = {isa = PBXFileReference; fileEncoding = 4; lastKnownFileType = sourcecode.c.objc; path = MapsWithMeAPI.m; sourceTree = "<group>"; };
		ED893F6A17B231F20074E05A /* IPadSplitVC.h */ = {isa = PBXFileReference; fileEncoding = 4; lastKnownFileType = sourcecode.c.h; path = IPadSplitVC.h; sourceTree = "<group>"; };
		ED893F6B17B231F20074E05A /* IPadSplitVC.m */ = {isa = PBXFileReference; fileEncoding = 4; lastKnownFileType = sourcecode.c.objc; path = IPadSplitVC.m; sourceTree = "<group>"; };
		EDBD0CFE17FDC3440007776B /* Default-Portrait-1024@2x~ipad.png */ = {isa = PBXFileReference; lastKnownFileType = image.png; path = "Default-Portrait-1024@2x~ipad.png"; sourceTree = "<group>"; };
		EDBD0CFF17FDC3440007776B /* Default-Landscape-1024@2x~ipad.png */ = {isa = PBXFileReference; lastKnownFileType = image.png; path = "Default-Landscape-1024@2x~ipad.png"; sourceTree = "<group>"; };
		EDBD0D0017FDC3440007776B /* Default-Portrait-1024~ipad.png */ = {isa = PBXFileReference; lastKnownFileType = image.png; path = "Default-Portrait-1024~ipad.png"; sourceTree = "<group>"; };
		EDBD0D0117FDC3440007776B /* Default-Landscape-1024~ipad.png */ = {isa = PBXFileReference; lastKnownFileType = image.png; path = "Default-Landscape-1024~ipad.png"; sourceTree = "<group>"; };
		EDBD0D0617FDC4920007776B /* 40.png */ = {isa = PBXFileReference; lastKnownFileType = image.png; path = 40.png; sourceTree = "<group>"; };
		EDBD0D0817FDC4A90007776B /* 76.png */ = {isa = PBXFileReference; lastKnownFileType = image.png; path = 76.png; sourceTree = "<group>"; };
		EDBD0D0917FDC4A90007776B /* 80.png */ = {isa = PBXFileReference; lastKnownFileType = image.png; path = 80.png; sourceTree = "<group>"; };
		EDBD0D0A17FDC4A90007776B /* 120.png */ = {isa = PBXFileReference; lastKnownFileType = image.png; path = 120.png; sourceTree = "<group>"; };
		EDBD0D0E17FDC4D00007776B /* 152.png */ = {isa = PBXFileReference; lastKnownFileType = image.png; path = 152.png; sourceTree = "<group>"; };
/* End PBXFileReference section */

/* Begin PBXFrameworksBuildPhase section */
		ED81954017AED762004F3803 /* Frameworks */ = {
			isa = PBXFrameworksBuildPhase;
			buildActionMask = 2147483647;
			files = (
				ED64331117B41534000985FE /* CoreLocation.framework in Frameworks */,
				ED81954717AED762004F3803 /* UIKit.framework in Frameworks */,
				ED81954917AED762004F3803 /* Foundation.framework in Frameworks */,
				ED81954B17AED762004F3803 /* CoreGraphics.framework in Frameworks */,
			);
			runOnlyForDeploymentPostprocessing = 0;
		};
/* End PBXFrameworksBuildPhase section */

/* Begin PBXGroup section */
		A3E221ED17AFB49B0018AB9E /* storage */ = {
			isa = PBXGroup;
			children = (
				7722E14917B15C3600CFB817 /* distance.cpp */,
				7722E14717B01B0700CFB817 /* article_info.cpp */,
				A3E221F217AFB4C20018AB9E /* storage.cpp */,
			);
			name = storage;
			sourceTree = "<group>";
		};
		A3E2220D17AFD9CC0018AB9E /* env */ = {
			isa = PBXGroup;
			children = (
				ED4F8BB017B2E6B700ADD795 /* logging.cpp */,
				ED4F8BAE17B2E69600ADD795 /* posix.cpp */,
				ED4F8BAC17B2E67100ADD795 /* file_handle.cpp */,
				ED81956D17B10578004F3803 /* strings.cpp */,
				A3E2221017AFDA0A0018AB9E /* source_address.cpp */,
				A3E2220E17AFD9E10018AB9E /* assert.cpp */,
			);
			name = env;
			sourceTree = "<group>";
		};
		ED81953A17AED761004F3803 = {
			isa = PBXGroup;
			children = (
				ED81F53517BA65A800361D6D /* Resources */,
				ED81954C17AED762004F3803 /* offlineguides */,
				ED81954517AED762004F3803 /* Frameworks */,
				ED81954417AED762004F3803 /* Products */,
			);
			sourceTree = "<group>";
		};
		ED81954417AED762004F3803 /* Products */ = {
			isa = PBXGroup;
			children = (
				ED81954317AED762004F3803 /* GuideWithMe.app */,
			);
			name = Products;
			sourceTree = "<group>";
		};
		ED81954517AED762004F3803 /* Frameworks */ = {
			isa = PBXGroup;
			children = (
				ED64331017B41533000985FE /* CoreLocation.framework */,
				ED81954617AED762004F3803 /* UIKit.framework */,
				ED81954817AED762004F3803 /* Foundation.framework */,
				ED81954A17AED762004F3803 /* CoreGraphics.framework */,
			);
			name = Frameworks;
			sourceTree = "<group>";
		};
		ED81954C17AED762004F3803 /* offlineguides */ = {
			isa = PBXGroup;
			children = (
				A3BC9CE317B4E1FD0007AFD5 /* Settings.bundle */,
				ED81956F17B10585004F3803 /* 3rdParty */,
				A3E2220D17AFD9CC0018AB9E /* env */,
				A3E2220B17AFD5840018AB9E /* data */,
				A3E221ED17AFB49B0018AB9E /* storage */,
				ED81955517AED762004F3803 /* AppDelegate.h */,
				ED81955617AED762004F3803 /* AppDelegate.mm */,
				ED81954D17AED762004F3803 /* Supporting Files */,
				ED81956317AEE129004F3803 /* ArticleVC.h */,
				ED81956417AEE129004F3803 /* ArticleVC.mm */,
				ED893F6A17B231F20074E05A /* IPadSplitVC.h */,
				ED893F6B17B231F20074E05A /* IPadSplitVC.m */,
				ED81956817AEF6B6004F3803 /* GuideVC.h */,
				ED81956917AEF6B6004F3803 /* GuideVC.mm */,
				ED64330D17B3F672000985FE /* GuideCell.h */,
				ED64330E17B3F673000985FE /* GuideCell.m */,
			);
			path = offlineguides;
			sourceTree = "<group>";
		};
		ED81954D17AED762004F3803 /* Supporting Files */ = {
			isa = PBXGroup;
			children = (
				ED81954E17AED762004F3803 /* offlineguides-Info.plist */,
				ED81954F17AED762004F3803 /* InfoPlist.strings */,
				ED81955217AED762004F3803 /* main.m */,
				ED81955417AED762004F3803 /* offlineguides-Prefix.pch */,
			);
			name = "Supporting Files";
			sourceTree = "<group>";
		};
		ED81956F17B10585004F3803 /* 3rdParty */ = {
			isa = PBXGroup;
			children = (
				ED893F6717B223920074E05A /* MapsWithMeAPI.h */,
				ED893F6817B223920074E05A /* MapsWithMeAPI.m */,
				ED81957017B10598004F3803 /* utf8proc.c */,
			);
			name = 3rdParty;
			sourceTree = "<group>";
		};
		ED81F53517BA65A800361D6D /* Resources */ = {
			isa = PBXGroup;
			children = (
				ED9AB9FD18054AFC00E4F635 /* icons-UK */,
				ED81F52B17BA2C3F00361D6D /* Default-568h@2x.png */,
				ED81F52917BA2C3C00361D6D /* Default@2x.png */,
				ED81F52717BA2C3900361D6D /* Default.png */,
				ED81F52517BA2C0800361D6D /* Default-Landscape@2x~ipad.png */,
				ED81F52317BA2C0400361D6D /* Default-Landscape~ipad.png */,
				ED81F52117BA2C0000361D6D /* Default-Portrait@2x~ipad.png */,
				ED81F51F17BA2BFD00361D6D /* Default-Portrait~ipad.png */,
				EDBD0D0017FDC3440007776B /* Default-Portrait-1024~ipad.png */,
				EDBD0CFE17FDC3440007776B /* Default-Portrait-1024@2x~ipad.png */,
				EDBD0D0117FDC3440007776B /* Default-Landscape-1024~ipad.png */,
				EDBD0CFF17FDC3440007776B /* Default-Landscape-1024@2x~ipad.png */,
				ED64332617B4D6CA000985FE /* bg_landscape_header.png */,
				ED64332717B4D6CB000985FE /* bg_landscape_header@2x.png */,
				ED4F8BA017B2C97300ADD795 /* ic_articleselection.png */,
				ED4F8BA117B2C97300ADD795 /* ic_back.png */,
				ED4F8BA217B2C97300ADD795 /* ic_back@2x.png */,
				ED4F8BA317B2C97300ADD795 /* ic_articleselection@2x.png */,
				ED4F8B9C17B2A52200ADD795 /* bg_header.png */,
				ED4F8B9D17B2A52200ADD795 /* bg_header@2x.png */,
				ED64332217B4D14F000985FE /* bg_search.png */,
				ED64332317B4D14F000985FE /* bg_search@2x.png */,
			);
			name = Resources;
			sourceTree = "<group>";
		};
		ED9AB9FD18054AFC00E4F635 /* icons-UK */ = {
			isa = PBXGroup;
			children = (
				ED81F53617BA669000361D6D /* 29.png */,
				EDBD0D0617FDC4920007776B /* 40.png */,
				ED81F53717BA669000361D6D /* 50.png */,
				ED81F53817BA669000361D6D /* 57.png */,
				ED81F53917BA669000361D6D /* 58.png */,
				ED81F53A17BA669000361D6D /* 72.png */,
				EDBD0D0817FDC4A90007776B /* 76.png */,
				EDBD0D0917FDC4A90007776B /* 80.png */,
				ED81F53B17BA669000361D6D /* 100.png */,
				ED81F53C17BA669000361D6D /* 114.png */,
				EDBD0D0A17FDC4A90007776B /* 120.png */,
				ED81F53D17BA669000361D6D /* 144.png */,
				EDBD0D0E17FDC4D00007776B /* 152.png */,
			);
			name = "icons-UK";
			sourceTree = "<group>";
		};
/* End PBXGroup section */

/* Begin PBXNativeTarget section */
		ED81954217AED762004F3803 /* offlineguides */ = {
			isa = PBXNativeTarget;
			buildConfigurationList = ED81956017AED762004F3803 /* Build configuration list for PBXNativeTarget "offlineguides" */;
			buildPhases = (
				ED81953F17AED762004F3803 /* Sources */,
				ED81954017AED762004F3803 /* Frameworks */,
				ED81954117AED762004F3803 /* Resources */,
			);
			buildRules = (
			);
			dependencies = (
			);
			name = offlineguides;
			productName = offlineguides;
			productReference = ED81954317AED762004F3803 /* GuideWithMe.app */;
			productType = "com.apple.product-type.application";
		};
/* End PBXNativeTarget section */

/* Begin PBXProject section */
		ED81953B17AED761004F3803 /* Project object */ = {
			isa = PBXProject;
			attributes = {
				LastUpgradeCheck = 0460;
				ORGANIZATIONNAME = offlineguides;
			};
			buildConfigurationList = ED81953E17AED761004F3803 /* Build configuration list for PBXProject "offlineguides" */;
			compatibilityVersion = "Xcode 3.2";
			developmentRegion = English;
			hasScannedForEncodings = 0;
			knownRegions = (
				en,
			);
			mainGroup = ED81953A17AED761004F3803;
			productRefGroup = ED81954417AED762004F3803 /* Products */;
			projectDirPath = "";
			projectRoot = "";
			targets = (
				ED81954217AED762004F3803 /* offlineguides */,
			);
		};
/* End PBXProject section */

/* Begin PBXResourcesBuildPhase section */
		ED81954117AED762004F3803 /* Resources */ = {
			isa = PBXResourcesBuildPhase;
			buildActionMask = 2147483647;
			files = (
				ED81955117AED762004F3803 /* InfoPlist.strings in Resources */,
				A3E2220C17AFD5840018AB9E /* data in Resources */,
				ED4F8B9E17B2A52200ADD795 /* bg_header.png in Resources */,
				ED4F8B9F17B2A52200ADD795 /* bg_header@2x.png in Resources */,
				EDBD0D0B17FDC4A90007776B /* 76.png in Resources */,
				EDBD0D0717FDC4920007776B /* 40.png in Resources */,
				ED4F8BA417B2C97300ADD795 /* ic_articleselection.png in Resources */,
				ED4F8BA517B2C97300ADD795 /* ic_back.png in Resources */,
				ED4F8BA617B2C97300ADD795 /* ic_back@2x.png in Resources */,
				EDBD0D0F17FDC4D00007776B /* 152.png in Resources */,
				ED4F8BA717B2C97300ADD795 /* ic_articleselection@2x.png in Resources */,
				ED64332417B4D14F000985FE /* bg_search.png in Resources */,
				ED64332517B4D14F000985FE /* bg_search@2x.png in Resources */,
				ED64332817B4D6CB000985FE /* bg_landscape_header.png in Resources */,
				ED64332917B4D6CB000985FE /* bg_landscape_header@2x.png in Resources */,
				A3BC9CE417B4E1FD0007AFD5 /* Settings.bundle in Resources */,
				ED81F52017BA2BFD00361D6D /* Default-Portrait~ipad.png in Resources */,
				ED81F52217BA2C0000361D6D /* Default-Portrait@2x~ipad.png in Resources */,
				ED81F52417BA2C0500361D6D /* Default-Landscape~ipad.png in Resources */,
				ED81F52617BA2C0800361D6D /* Default-Landscape@2x~ipad.png in Resources */,
				ED81F52817BA2C3A00361D6D /* Default.png in Resources */,
				EDBD0D0417FDC3440007776B /* Default-Portrait-1024~ipad.png in Resources */,
				EDBD0D0217FDC3440007776B /* Default-Portrait-1024@2x~ipad.png in Resources */,
				ED81F52A17BA2C3C00361D6D /* Default@2x.png in Resources */,
				ED81F52C17BA2C3F00361D6D /* Default-568h@2x.png in Resources */,
				EDBD0D0D17FDC4A90007776B /* 120.png in Resources */,
				ED81F53E17BA669000361D6D /* 29.png in Resources */,
				ED81F53F17BA669000361D6D /* 50.png in Resources */,
				ED81F54017BA669000361D6D /* 57.png in Resources */,
				EDBD0D0317FDC3440007776B /* Default-Landscape-1024@2x~ipad.png in Resources */,
				ED81F54117BA669000361D6D /* 58.png in Resources */,
				ED81F54217BA669000361D6D /* 72.png in Resources */,
				ED81F54317BA669000361D6D /* 100.png in Resources */,
				ED81F54417BA669000361D6D /* 114.png in Resources */,
				EDBD0D0C17FDC4A90007776B /* 80.png in Resources */,
				EDBD0D0517FDC3440007776B /* Default-Landscape-1024~ipad.png in Resources */,
				ED81F54517BA669000361D6D /* 144.png in Resources */,
			);
			runOnlyForDeploymentPostprocessing = 0;
		};
/* End PBXResourcesBuildPhase section */

/* Begin PBXSourcesBuildPhase section */
		ED81953F17AED762004F3803 /* Sources */ = {
			isa = PBXSourcesBuildPhase;
			buildActionMask = 2147483647;
			files = (
				ED81955317AED762004F3803 /* main.m in Sources */,
				ED81955717AED762004F3803 /* AppDelegate.mm in Sources */,
				ED81956517AEE129004F3803 /* ArticleVC.mm in Sources */,
				ED81956A17AEF6B6004F3803 /* GuideVC.mm in Sources */,
				A3E221F317AFB4C20018AB9E /* storage.cpp in Sources */,
				A3E2220F17AFD9E10018AB9E /* assert.cpp in Sources */,
				A3E2221117AFDA0A0018AB9E /* source_address.cpp in Sources */,
				7722E14817B01B0700CFB817 /* article_info.cpp in Sources */,
				ED81956E17B10578004F3803 /* strings.cpp in Sources */,
				ED81957117B10598004F3803 /* utf8proc.c in Sources */,
				7722E14A17B15C3600CFB817 /* distance.cpp in Sources */,
				ED893F6917B223920074E05A /* MapsWithMeAPI.m in Sources */,
				ED893F6C17B231F20074E05A /* IPadSplitVC.m in Sources */,
				ED4F8BAD17B2E67100ADD795 /* file_handle.cpp in Sources */,
				ED4F8BAF17B2E69600ADD795 /* posix.cpp in Sources */,
				ED4F8BB117B2E6B700ADD795 /* logging.cpp in Sources */,
				ED64330F17B3F673000985FE /* GuideCell.m in Sources */,
			);
			runOnlyForDeploymentPostprocessing = 0;
		};
/* End PBXSourcesBuildPhase section */

/* Begin PBXVariantGroup section */
		ED81954F17AED762004F3803 /* InfoPlist.strings */ = {
			isa = PBXVariantGroup;
			children = (
				ED81955017AED762004F3803 /* en */,
			);
			name = InfoPlist.strings;
			sourceTree = "<group>";
		};
/* End PBXVariantGroup section */

/* Begin XCBuildConfiguration section */
		ED81955E17AED762004F3803 /* Debug */ = {
			isa = XCBuildConfiguration;
			buildSettings = {
				ALWAYS_SEARCH_USER_PATHS = NO;
				CLANG_CXX_LANGUAGE_STANDARD = "gnu++0x";
				CLANG_ENABLE_OBJC_ARC = YES;
				CLANG_WARN_CONSTANT_CONVERSION = YES;
				CLANG_WARN_EMPTY_BODY = YES;
				CLANG_WARN_ENUM_CONVERSION = YES;
				CLANG_WARN_INT_CONVERSION = YES;
				CLANG_WARN_OBJC_RECEIVER_WEAK = YES;
				CLANG_WARN__DUPLICATE_METHOD_MATCH = YES;
				COPY_PHASE_STRIP = NO;
				CURRENT_PROJECT_VERSION = 1.1;
				GCC_DYNAMIC_NO_PIC = NO;
				GCC_FAST_MATH = YES;
				GCC_OPTIMIZATION_LEVEL = 0;
				GCC_PREPROCESSOR_DEFINITIONS = (
					IPHONE,
					"DEBUG=1",
				);
				GCC_SYMBOLS_PRIVATE_EXTERN = YES;
				GCC_WARN_64_TO_32_BIT_CONVERSION = YES;
				GCC_WARN_ABOUT_RETURN_TYPE = YES;
				GCC_WARN_NON_VIRTUAL_DESTRUCTOR = YES;
				GCC_WARN_SHADOW = YES;
				GCC_WARN_UNDECLARED_SELECTOR = YES;
				GCC_WARN_UNINITIALIZED_AUTOS = YES;
				GCC_WARN_UNUSED_FUNCTION = YES;
				GCC_WARN_UNUSED_PARAMETER = NO;
				GCC_WARN_UNUSED_VARIABLE = YES;
				IPHONEOS_DEPLOYMENT_TARGET = 5.0;
				ONLY_ACTIVE_ARCH = YES;
				PRODUCT_NAME = GuideWithMe;
				SDKROOT = iphoneos;
				TARGETED_DEVICE_FAMILY = "1,2";
				VERSIONING_SYSTEM = "apple-generic";
			};
			name = Debug;
		};
		ED81955F17AED762004F3803 /* Release */ = {
			isa = XCBuildConfiguration;
			buildSettings = {
				ALWAYS_SEARCH_USER_PATHS = NO;
				CLANG_CXX_LANGUAGE_STANDARD = "gnu++0x";
				CLANG_ENABLE_OBJC_ARC = YES;
				CLANG_WARN_CONSTANT_CONVERSION = YES;
				CLANG_WARN_EMPTY_BODY = YES;
				CLANG_WARN_ENUM_CONVERSION = YES;
				CLANG_WARN_INT_CONVERSION = YES;
				CLANG_WARN_OBJC_RECEIVER_WEAK = YES;
				CLANG_WARN__DUPLICATE_METHOD_MATCH = YES;
				COPY_PHASE_STRIP = YES;
				CURRENT_PROJECT_VERSION = 1.1;
				GCC_FAST_MATH = YES;
				GCC_OPTIMIZATION_LEVEL = 3;
				GCC_PREPROCESSOR_DEFINITIONS = (
					IPHONE,
					"NS_BLOCK_ASSERTIONS=1",
				);
				GCC_SYMBOLS_PRIVATE_EXTERN = YES;
				GCC_WARN_64_TO_32_BIT_CONVERSION = YES;
				GCC_WARN_ABOUT_RETURN_TYPE = YES;
				GCC_WARN_NON_VIRTUAL_DESTRUCTOR = YES;
				GCC_WARN_SHADOW = YES;
				GCC_WARN_UNDECLARED_SELECTOR = YES;
				GCC_WARN_UNINITIALIZED_AUTOS = YES;
				GCC_WARN_UNUSED_FUNCTION = YES;
				GCC_WARN_UNUSED_PARAMETER = NO;
				GCC_WARN_UNUSED_VARIABLE = YES;
				IPHONEOS_DEPLOYMENT_TARGET = 5.0;
				PRODUCT_NAME = GuideWithMe;
				SDKROOT = iphoneos;
				TARGETED_DEVICE_FAMILY = "1,2";
				VALIDATE_PRODUCT = YES;
				VERSIONING_SYSTEM = "apple-generic";
			};
			name = Release;
		};
		ED81956117AED762004F3803 /* Debug */ = {
			isa = XCBuildConfiguration;
			buildSettings = {
				CODE_SIGN_IDENTITY = "iPhone Developer";
				GCC_PRECOMPILE_PREFIX_HEADER = YES;
				GCC_PREFIX_HEADER = "offlineguides/offlineguides-Prefix.pch";
				HEADER_SEARCH_PATHS = ../3rdparty/boost;
				INFOPLIST_FILE = "offlineguides/offlineguides-Info.plist";
				PRODUCT_NAME = GuideWithMe;
				USER_HEADER_SEARCH_PATHS = ../3rdparty/boost;
				WRAPPER_EXTENSION = app;
			};
			name = Debug;
		};
		ED81956217AED762004F3803 /* Release */ = {
			isa = XCBuildConfiguration;
			buildSettings = {
				CODE_SIGN_IDENTITY = "iPhone Developer";
				GCC_PRECOMPILE_PREFIX_HEADER = YES;
				GCC_PREFIX_HEADER = "offlineguides/offlineguides-Prefix.pch";
				HEADER_SEARCH_PATHS = ../3rdparty/boost;
				INFOPLIST_FILE = "offlineguides/offlineguides-Info.plist";
				PRODUCT_NAME = GuideWithMe;
				USER_HEADER_SEARCH_PATHS = ../3rdparty/boost;
				WRAPPER_EXTENSION = app;
			};
			name = Release;
		};
		FA46C17817BB60A400350937 /* Production */ = {
			isa = XCBuildConfiguration;
			buildSettings = {
				ALWAYS_SEARCH_USER_PATHS = NO;
				CLANG_CXX_LANGUAGE_STANDARD = "gnu++0x";
				CLANG_ENABLE_OBJC_ARC = YES;
				CLANG_WARN_CONSTANT_CONVERSION = YES;
				CLANG_WARN_EMPTY_BODY = YES;
				CLANG_WARN_ENUM_CONVERSION = YES;
				CLANG_WARN_INT_CONVERSION = YES;
				CLANG_WARN_OBJC_RECEIVER_WEAK = YES;
				CLANG_WARN__DUPLICATE_METHOD_MATCH = YES;
				CODE_SIGN_IDENTITY = "iPhone Distribution";
				COPY_PHASE_STRIP = YES;
				CURRENT_PROJECT_VERSION = 1.1;
				GCC_FAST_MATH = YES;
				GCC_OPTIMIZATION_LEVEL = 3;
				GCC_PREPROCESSOR_DEFINITIONS = (
					IPHONE,
					"NS_BLOCK_ASSERTIONS=1",
				);
				GCC_SYMBOLS_PRIVATE_EXTERN = YES;
				GCC_WARN_64_TO_32_BIT_CONVERSION = YES;
				GCC_WARN_ABOUT_RETURN_TYPE = YES;
				GCC_WARN_NON_VIRTUAL_DESTRUCTOR = YES;
				GCC_WARN_SHADOW = YES;
				GCC_WARN_UNDECLARED_SELECTOR = YES;
				GCC_WARN_UNINITIALIZED_AUTOS = YES;
				GCC_WARN_UNUSED_FUNCTION = YES;
				GCC_WARN_UNUSED_PARAMETER = NO;
				GCC_WARN_UNUSED_VARIABLE = YES;
				IPHONEOS_DEPLOYMENT_TARGET = 5.0;
				PRODUCT_NAME = GuideWithMe;
				PROVISIONING_PROFILE = "";
				SDKROOT = iphoneos;
				TARGETED_DEVICE_FAMILY = "1,2";
				VALIDATE_PRODUCT = YES;
				VERSIONING_SYSTEM = "apple-generic";
			};
			name = Production;
		};
		FA46C17917BB60A400350937 /* Production */ = {
			isa = XCBuildConfiguration;
			buildSettings = {
				CODE_SIGN_IDENTITY = "iPhone Developer";
				GCC_PRECOMPILE_PREFIX_HEADER = YES;
				GCC_PREFIX_HEADER = "offlineguides/offlineguides-Prefix.pch";
				HEADER_SEARCH_PATHS = ../3rdparty/boost;
				INFOPLIST_FILE = "offlineguides/offlineguides-Info.plist";
				PRODUCT_NAME = GuideWithMe;
				USER_HEADER_SEARCH_PATHS = ../3rdparty/boost;
				WRAPPER_EXTENSION = app;
			};
			name = Production;
		};
/* End XCBuildConfiguration section */

/* Begin XCConfigurationList section */
		ED81953E17AED761004F3803 /* Build configuration list for PBXProject "offlineguides" */ = {
			isa = XCConfigurationList;
			buildConfigurations = (
				ED81955E17AED762004F3803 /* Debug */,
				ED81955F17AED762004F3803 /* Release */,
				FA46C17817BB60A400350937 /* Production */,
			);
			defaultConfigurationIsVisible = 0;
			defaultConfigurationName = Release;
		};
		ED81956017AED762004F3803 /* Build configuration list for PBXNativeTarget "offlineguides" */ = {
			isa = XCConfigurationList;
			buildConfigurations = (
				ED81956117AED762004F3803 /* Debug */,
				ED81956217AED762004F3803 /* Release */,
				FA46C17917BB60A400350937 /* Production */,
			);
			defaultConfigurationIsVisible = 0;
			defaultConfigurationName = Release;
		};
/* End XCConfigurationList section */
	};
	rootObject = ED81953B17AED761004F3803 /* Project object */;
}
